Microsoft Visual Studio Solution File, Format Version 12.00
# Visual Studio Version 16
VisualStudioVersion = 16.0.29613.14
MinimumVisualStudioVersion = 10.0.40219.1
Project("{2150E333-8FDC-42A3-9474-1A3956D46DE8}") = "01-src", "01-src", "{ECBD28DE-AFFB-4C9A-8988-6297FA5ADDD5}"
EndProject
Project("{2150E333-8FDC-42A3-9474-1A3956D46DE8}") = "01-Core", "01-Core", "{3746073A-1C5C-40A7-9D50-CB2A94CA888A}"
EndProject
Project("{9A19103F-16F7-4668-BE54-9A1E7A4F7556}") = "01-Util", "src\Util\01-Util.csproj", "{5981ADBE-58A4-4F84-9529-E7D7F7E1610C}"
EndProject
Project("{9A19103F-16F7-4668-BE54-9A1E7A4F7556}") = "03-Util.Logs", "src\Util.Logs\03-Util.Logs.csproj", "{0330EB27-814D-4CF6-B377-3BFA884D5FD2}"
EndProject
Project("{2150E333-8FDC-42A3-9474-1A3956D46DE8}") = "03-Biz", "03-Biz", "{62644B42-76EF-4FC2-8736-3E9B96C1D832}"
EndProject
Project("{9A19103F-16F7-4668-BE54-9A1E7A4F7556}") = "01-Util.Biz", "src\Util.Biz\01-Util.Biz.csproj", "{BAB54FFD-DF77-40B6-86A5-A1A3E0985468}"
EndProject
Project("{9A19103F-16F7-4668-BE54-9A1E7A4F7556}") = "02-Util.Security", "src\Util.Security\02-Util.Security.csproj", "{83E78951-5FBE-43D5-A6BE-7735721E4C1D}"
EndProject
Project("{9A19103F-16F7-4668-BE54-9A1E7A4F7556}") = "08-Util.Applications", "src\Util.Applications\08-Util.Applications.csproj", "{7A5E9C1B-CE91-463D-B0D1-8117C9E29D30}"
EndProject
Project("{9A19103F-16F7-4668-BE54-9A1E7A4F7556}") = "05-Util.Events", "src\Util.Events\05-Util.Events.csproj", "{A93DFEEC-0DC7-4628-96F7-914A8053732B}"
EndProject
Project("{2150E333-8FDC-42A3-9474-1A3956D46DE8}") = "04-Tools", "04-Tools", "{1907A873-8368-4CFF-B5B3-98F04CD2E3A7}"
EndProject
Project("{9A19103F-16F7-4668-BE54-9A1E7A4F7556}") = "09-Util.Webs", "src\Util.Webs\09-Util.Webs.csproj", "{0A32F32B-49DF-49AB-8F3C-AFDD28517A89}"
EndProject
Project("{9A19103F-16F7-4668-BE54-9A1E7A4F7556}") = "01-Util.Tools.QrCode", "src\Util.Tools.QrCode\01-Util.Tools.QrCode.csproj", "{ED44ED49-3F9E-4D14-A600-51D7792A3F64}"
EndProject
Project("{9A19103F-16F7-4668-BE54-9A1E7A4F7556}") = "02-Util.Tools.Sms", "src\Util.Tools.Sms\02-Util.Tools.Sms.csproj", "{883EF7C5-4234-4A1B-82BC-36597D280B57}"
EndProject
Project("{9A19103F-16F7-4668-BE54-9A1E7A4F7556}") = "02-Util.Biz.Payments", "src\Util.Biz.Payments\02-Util.Biz.Payments.csproj", "{69B79A60-3719-43E5-BE12-78E401C7BC0C}"
EndProject
Project("{9A19103F-16F7-4668-BE54-9A1E7A4F7556}") = "06-Util.Schedulers", "src\Util.Schedulers\06-Util.Schedulers.csproj", "{E220692E-909A-4855-A67F-64C3A9590BA6}"
EndProject
Project("{9A19103F-16F7-4668-BE54-9A1E7A4F7556}") = "04-Util.Caches", "src\Util.Caches\04-Util.Caches.csproj", "{26F6273A-567A-4AA4-8304-AEC57FC40DC9}"
EndProject
Global
	GlobalSection(SolutionConfigurationPlatforms) = preSolution
		Debug|Any CPU = Debug|Any CPU
		Release|Any CPU = Release|Any CPU
	EndGlobalSection
	GlobalSection(ProjectConfigurationPlatforms) = postSolution
		{5981ADBE-58A4-4F84-9529-E7D7F7E1610C}.Debug|Any CPU.ActiveCfg = Debug|Any CPU
		{5981ADBE-58A4-4F84-9529-E7D7F7E1610C}.Debug|Any CPU.Build.0 = Debug|Any CPU
		{5981ADBE-58A4-4F84-9529-E7D7F7E1610C}.Release|Any CPU.ActiveCfg = Release|Any CPU
		{5981ADBE-58A4-4F84-9529-E7D7F7E1610C}.Release|Any CPU.Build.0 = Release|Any CPU
		{0330EB27-814D-4CF6-B377-3BFA884D5FD2}.Debug|Any CPU.ActiveCfg = Debug|Any CPU
		{0330EB27-814D-4CF6-B377-3BFA884D5FD2}.Debug|Any CPU.Build.0 = Debug|Any CPU
		{0330EB27-814D-4CF6-B377-3BFA884D5FD2}.Release|Any CPU.ActiveCfg = Release|Any CPU
		{0330EB27-814D-4CF6-B377-3BFA884D5FD2}.Release|Any CPU.Build.0 = Release|Any CPU
		{BAB54FFD-DF77-40B6-86A5-A1A3E0985468}.Debug|Any CPU.ActiveCfg = Debug|Any CPU
		{BAB54FFD-DF77-40B6-86A5-A1A3E0985468}.Debug|Any CPU.Build.0 = Debug|Any CPU
		{BAB54FFD-DF77-40B6-86A5-A1A3E0985468}.Release|Any CPU.ActiveCfg = Release|Any CPU
		{BAB54FFD-DF77-40B6-86A5-A1A3E0985468}.Release|Any CPU.Build.0 = Release|Any CPU
		{83E78951-5FBE-43D5-A6BE-7735721E4C1D}.Debug|Any CPU.ActiveCfg = Debug|Any CPU
		{83E78951-5FBE-43D5-A6BE-7735721E4C1D}.Debug|Any CPU.Build.0 = Debug|Any CPU
		{83E78951-5FBE-43D5-A6BE-7735721E4C1D}.Release|Any CPU.ActiveCfg = Release|Any CPU
		{83E78951-5FBE-43D5-A6BE-7735721E4C1D}.Release|Any CPU.Build.0 = Release|Any CPU
		{7A5E9C1B-CE91-463D-B0D1-8117C9E29D30}.Debug|Any CPU.ActiveCfg = Debug|Any CPU
		{7A5E9C1B-CE91-463D-B0D1-8117C9E29D30}.Debug|Any CPU.Build.0 = Debug|Any CPU
		{7A5E9C1B-CE91-463D-B0D1-8117C9E29D30}.Release|Any CPU.ActiveCfg = Release|Any CPU
		{7A5E9C1B-CE91-463D-B0D1-8117C9E29D30}.Release|Any CPU.Build.0 = Release|Any CPU
		{A93DFEEC-0DC7-4628-96F7-914A8053732B}.Debug|Any CPU.ActiveCfg = Debug|Any CPU
		{A93DFEEC-0DC7-4628-96F7-914A8053732B}.Debug|Any CPU.Build.0 = Debug|Any CPU
		{A93DFEEC-0DC7-4628-96F7-914A8053732B}.Release|Any CPU.ActiveCfg = Release|Any CPU
		{A93DFEEC-0DC7-4628-96F7-914A8053732B}.Release|Any CPU.Build.0 = Release|Any CPU
		{0A32F32B-49DF-49AB-8F3C-AFDD28517A89}.Debug|Any CPU.ActiveCfg = Debug|Any CPU
		{0A32F32B-49DF-49AB-8F3C-AFDD28517A89}.Debug|Any CPU.Build.0 = Debug|Any CPU
		{0A32F32B-49DF-49AB-8F3C-AFDD28517A89}.Release|Any CPU.ActiveCfg = Release|Any CPU
		{0A32F32B-49DF-49AB-8F3C-AFDD28517A89}.Release|Any CPU.Build.0 = Release|Any CPU
		{ED44ED49-3F9E-4D14-A600-51D7792A3F64}.Debug|Any CPU.ActiveCfg = Debug|Any CPU
		{ED44ED49-3F9E-4D14-A600-51D7792A3F64}.Debug|Any CPU.Build.0 = Debug|Any CPU
		{ED44ED49-3F9E-4D14-A600-51D7792A3F64}.Release|Any CPU.ActiveCfg = Release|Any CPU
		{ED44ED49-3F9E-4D14-A600-51D7792A3F64}.Release|Any CPU.Build.0 = Release|Any CPU
		{883EF7C5-4234-4A1B-82BC-36597D280B57}.Debug|Any CPU.ActiveCfg = Debug|Any CPU
		{883EF7C5-4234-4A1B-82BC-36597D280B57}.Debug|Any CPU.Build.0 = Debug|Any CPU
		{883EF7C5-4234-4A1B-82BC-36597D280B57}.Release|Any CPU.ActiveCfg = Release|Any CPU
		{883EF7C5-4234-4A1B-82BC-36597D280B57}.Release|Any CPU.Build.0 = Release|Any CPU
		{69B79A60-3719-43E5-BE12-78E401C7BC0C}.Debug|Any CPU.ActiveCfg = Debug|Any CPU
		{69B79A60-3719-43E5-BE12-78E401C7BC0C}.Debug|Any CPU.Build.0 = Debug|Any CPU
		{69B79A60-3719-43E5-BE12-78E401C7BC0C}.Release|Any CPU.ActiveCfg = Release|Any CPU
		{69B79A60-3719-43E5-BE12-78E401C7BC0C}.Release|Any CPU.Build.0 = Release|Any CPU
		{E220692E-909A-4855-A67F-64C3A9590BA6}.Debug|Any CPU.ActiveCfg = Debug|Any CPU
		{E220692E-909A-4855-A67F-64C3A9590BA6}.Debug|Any CPU.Build.0 = Debug|Any CPU
		{E220692E-909A-4855-A67F-64C3A9590BA6}.Release|Any CPU.ActiveCfg = Release|Any CPU
		{E220692E-909A-4855-A67F-64C3A9590BA6}.Release|Any CPU.Build.0 = Release|Any CPU
		{26F6273A-567A-4AA4-8304-AEC57FC40DC9}.Debug|Any CPU.ActiveCfg = Debug|Any CPU
		{26F6273A-567A-4AA4-8304-AEC57FC40DC9}.Debug|Any CPU.Build.0 = Debug|Any CPU
		{26F6273A-567A-4AA4-8304-AEC57FC40DC9}.Release|Any CPU.ActiveCfg = Release|Any CPU
		{26F6273A-567A-4AA4-8304-AEC57FC40DC9}.Release|Any CPU.Build.0 = Release|Any CPU
	EndGlobalSection
	GlobalSection(SolutionProperties) = preSolution
		HideSolutionNode = FALSE
	EndGlobalSection
	GlobalSection(NestedProjects) = preSolution
		{3746073A-1C5C-40A7-9D50-CB2A94CA888A} = {ECBD28DE-AFFB-4C9A-8988-6297FA5ADDD5}
		{5981ADBE-58A4-4F84-9529-E7D7F7E1610C} = {3746073A-1C5C-40A7-9D50-CB2A94CA888A}
		{0330EB27-814D-4CF6-B377-3BFA884D5FD2} = {3746073A-1C5C-40A7-9D50-CB2A94CA888A}
		{62644B42-76EF-4FC2-8736-3E9B96C1D832} = {ECBD28DE-AFFB-4C9A-8988-6297FA5ADDD5}
		{BAB54FFD-DF77-40B6-86A5-A1A3E0985468} = {62644B42-76EF-4FC2-8736-3E9B96C1D832}
		{83E78951-5FBE-43D5-A6BE-7735721E4C1D} = {3746073A-1C5C-40A7-9D50-CB2A94CA888A}
		{7A5E9C1B-CE91-463D-B0D1-8117C9E29D30} = {3746073A-1C5C-40A7-9D50-CB2A94CA888A}
		{A93DFEEC-0DC7-4628-96F7-914A8053732B} = {3746073A-1C5C-40A7-9D50-CB2A94CA888A}
		{1907A873-8368-4CFF-B5B3-98F04CD2E3A7} = {ECBD28DE-AFFB-4C9A-8988-6297FA5ADDD5}
		{0A32F32B-49DF-49AB-8F3C-AFDD28517A89} = {3746073A-1C5C-40A7-9D50-CB2A94CA888A}
		{ED44ED49-3F9E-4D14-A600-51D7792A3F64} = {1907A873-8368-4CFF-B5B3-98F04CD2E3A7}
		{883EF7C5-4234-4A1B-82BC-36597D280B57} = {1907A873-8368-4CFF-B5B3-98F04CD2E3A7}
		{69B79A60-3719-43E5-BE12-78E401C7BC0C} = {62644B42-76EF-4FC2-8736-3E9B96C1D832}
		{E220692E-909A-4855-A67F-64C3A9590BA6} = {3746073A-1C5C-40A7-9D50-CB2A94CA888A}
		{26F6273A-567A-4AA4-8304-AEC57FC40DC9} = {3746073A-1C5C-40A7-9D50-CB2A94CA888A}
	EndGlobalSection
	GlobalSection(ExtensibilityGlobals) = postSolution
		SolutionGuid = {AA6E8E23-8AB6-4AB6-9B31-494CB7CE5E63}
	EndGlobalSection
EndGlobal
